// !$*UTF8*$!
{
	archiveVersion = 1;
	classes = {
	};
	objectVersion = 50;
	objects = {

/* Begin PBXBuildFile section */
		8C93302325DE2F81005EBE60 /* AppDelegate.swift in Sources */ = {isa = PBXBuildFile; fileRef = 8C93302225DE2F81005EBE60 /* AppDelegate.swift */; };
		8C93302525DE2F81005EBE60 /* SceneDelegate.swift in Sources */ = {isa = PBXBuildFile; fileRef = 8C93302425DE2F81005EBE60 /* SceneDelegate.swift */; };
		8C93302725DE2F81005EBE60 /* ContentView.swift in Sources */ = {isa = PBXBuildFile; fileRef = 8C93302625DE2F81005EBE60 /* ContentView.swift */; };
		8C93302A25DE2F81005EBE60 /* StudyCoreData.xcdatamodeld in Sources */ = {isa = PBXBuildFile; fileRef = 8C93302825DE2F81005EBE60 /* StudyCoreData.xcdatamodeld */; };
		8C93302C25DE2F81005EBE60 /* Assets.xcassets in Resources */ = {isa = PBXBuildFile; fileRef = 8C93302B25DE2F81005EBE60 /* Assets.xcassets */; };
		8C93302F25DE2F81005EBE60 /* Preview Assets.xcassets in Resources */ = {isa = PBXBuildFile; fileRef = 8C93302E25DE2F81005EBE60 /* Preview Assets.xcassets */; };
		8C93303225DE2F81005EBE60 /* LaunchScreen.storyboard in Resources */ = {isa = PBXBuildFile; fileRef = 8C93303025DE2F81005EBE60 /* LaunchScreen.storyboard */; };
/* End PBXBuildFile section */

/* Begin PBXFileReference section */
		8C93301F25DE2F81005EBE60 /* StudyCoreData.app */ = {isa = PBXFileReference; explicitFileType = wrapper.application; includeInIndex = 0; path = StudyCoreData.app; sourceTree = BUILT_PRODUCTS_DIR; };
		8C93302225DE2F81005EBE60 /* AppDelegate.swift */ = {isa = PBXFileReference; lastKnownFileType = sourcecode.swift; path = AppDelegate.swift; sourceTree = "<group>"; };
		8C93302425DE2F81005EBE60 /* SceneDelegate.swift */ = {isa = PBXFileReference; lastKnownFileType = sourcecode.swift; path = SceneDelegate.swift; sourceTree = "<group>"; };
		8C93302625DE2F81005EBE60 /* ContentView.swift */ = {isa = PBXFileReference; lastKnownFileType = sourcecode.swift; path = ContentView.swift; sourceTree = "<group>"; };
		8C93302925DE2F81005EBE60 /* StudyCoreData.xcdatamodel */ = {isa = PBXFileReference; lastKnownFileType = wrapper.xcdatamodel; path = StudyCoreData.xcdatamodel; sourceTree = "<group>"; };
		8C93302B25DE2F81005EBE60 /* Assets.xcassets */ = {isa = PBXFileReference; lastKnownFileType = folder.assetcatalog; path = Assets.xcassets; sourceTree = "<group>"; };
		8C93302E25DE2F81005EBE60 /* Preview Assets.xcassets */ = {isa = PBXFileReference; lastKnownFileType = folder.assetcatalog; path = "Preview Assets.xcassets"; sourceTree = "<group>"; };
		8C93303125DE2F81005EBE60 /* Base */ = {isa = PBXFileReference; lastKnownFileType = file.storyboard; name = Base; path = Base.lproj/LaunchScreen.storyboard; sourceTree = "<group>"; };
		8C93303325DE2F81005EBE60 /* Info.plist */ = {isa = PBXFileReference; lastKnownFileType = text.plist.xml; path = Info.plist; sourceTree = "<group>"; };
/* End PBXFileReference section */

/* Begin PBXFrameworksBuildPhase section */
		8C93301C25DE2F81005EBE60 /* Frameworks */ = {
			isa = PBXFrameworksBuildPhase;
			buildActionMask = 2147483647;
			files = (
			);
			runOnlyForDeploymentPostprocessing = 0;
		};
/* End PBXFrameworksBuildPhase section */

/* Begin PBXGroup section */
		8C93301625DE2F81005EBE60 = {
			isa = PBXGroup;
			children = (
				8C93302125DE2F81005EBE60 /* StudyCoreData */,
				8C93302025DE2F81005EBE60 /* Products */,
			);
			sourceTree = "<group>";
		};
		8C93302025DE2F81005EBE60 /* Products */ = {
			isa = PBXGroup;
			children = (
				8C93301F25DE2F81005EBE60 /* StudyCoreData.app */,
			);
			name = Products;
			sourceTree = "<group>";
		};
		8C93302125DE2F81005EBE60 /* StudyCoreData */ = {
			isa = PBXGroup;
			children = (
				8C93302225DE2F81005EBE60 /* AppDelegate.swift */,
				8C93302425DE2F81005EBE60 /* SceneDelegate.swift */,
				8C93302625DE2F81005EBE60 /* ContentView.swift */,
				8C93302B25DE2F81005EBE60 /* Assets.xcassets */,
				8C93303025DE2F81005EBE60 /* LaunchScreen.storyboard */,
				8C93303325DE2F81005EBE60 /* Info.plist */,
				8C93302825DE2F81005EBE60 /* StudyCoreData.xcdatamodeld */,
				8C93302D25DE2F81005EBE60 /* Preview Content */,
			);
			path = StudyCoreData;
			sourceTree = "<group>";
		};
		8C93302D25DE2F81005EBE60 /* Preview Content */ = {
			isa = PBXGroup;
			children = (
				8C93302E25DE2F81005EBE60 /* Preview Assets.xcassets */,
			);
			path = "Preview Content";
			sourceTree = "<group>";
		};
/* End PBXGroup section */

/* Begin PBXNativeTarget section */
		8C93301E25DE2F81005EBE60 /* StudyCoreData */ = {
			isa = PBXNativeTarget;
			buildConfigurationList = 8C93303625DE2F81005EBE60 /* Build configuration list for PBXNativeTarget "StudyCoreData" */;
			buildPhases = (
				8C93301B25DE2F81005EBE60 /* Sources */,
				8C93301C25DE2F81005EBE60 /* Frameworks */,
				8C93301D25DE2F81005EBE60 /* Resources */,
			);
			buildRules = (
			);
			dependencies = (
			);
			name = StudyCoreData;
			productName = StudyCoreData;
			productReference = 8C93301F25DE2F81005EBE60 /* StudyCoreData.app */;
			productType = "com.apple.product-type.application";
		};
/* End PBXNativeTarget section */

/* Begin PBXProject section */
		8C93301725DE2F81005EBE60 /* Project object */ = {
			isa = PBXProject;
			attributes = {
				LastSwiftUpdateCheck = 1240;
				LastUpgradeCheck = 1240;
				TargetAttributes = {
					8C93301E25DE2F81005EBE60 = {
						CreatedOnToolsVersion = 12.4;
					};
				};
			};
			buildConfigurationList = 8C93301A25DE2F81005EBE60 /* Build configuration list for PBXProject "StudyCoreData" */;
			compatibilityVersion = "Xcode 9.3";
			developmentRegion = en;
			hasScannedForEncodings = 0;
			knownRegions = (
				en,
				Base,
			);
			mainGroup = 8C93301625DE2F81005EBE60;
			productRefGroup = 8C93302025DE2F81005EBE60 /* Products */;
			projectDirPath = "";
			projectRoot = "";
			targets = (
				8C93301E25DE2F81005EBE60 /* StudyCoreData */,
			);
		};
/* End PBXProject section */

/* Begin PBXResourcesBuildPhase section */
		8C93301D25DE2F81005EBE60 /* Resources */ = {
			isa = PBXResourcesBuildPhase;
			buildActionMask = 2147483647;
			files = (
				8C93303225DE2F81005EBE60 /* LaunchScreen.storyboard in Resources */,
				8C93302F25DE2F81005EBE60 /* Preview Assets.xcassets in Resources */,
				8C93302C25DE2F81005EBE60 /* Assets.xcassets in Resources */,
			);
			runOnlyForDeploymentPostprocessing = 0;
		};
/* End PBXResourcesBuildPhase section */

/* Begin PBXSourcesBuildPhase section */
		8C93301B25DE2F81005EBE60 /* Sources */ = {
			isa = PBXSourcesBuildPhase;
			buildActionMask = 2147483647;
			files = (
				8C93302325DE2F81005EBE60 /* AppDelegate.swift in Sources */,
				8C93302525DE2F81005EBE60 /* SceneDelegate.swift in Sources */,
				8C93302A25DE2F81005EBE60 /* StudyCoreData.xcdatamodeld in Sources */,
				8C93302725DE2F81005EBE60 /* ContentView.swift in Sources */,
			);
			runOnlyForDeploymentPostprocessing = 0;
		};
/* End PBXSourcesBuildPhase section */

/* Begin PBXVariantGroup section */
		8C93303025DE2F81005EBE60 /* LaunchScreen.storyboard */ = {
			isa = PBXVariantGroup;
			children = (
				8C93303125DE2F81005EBE60 /* Base */,
			);
			name = LaunchScreen.storyboard;
			sourceTree = "<group>";
		};
/* End PBXVariantGroup section */

/* Begin XCBuildConfiguration section */
		8C93303425DE2F81005EBE60 /* Debug */ = {
			isa = XCBuildConfiguration;
			buildSettings = {
				ALWAYS_SEARCH_USER_PATHS = NO;
				CLANG_ANALYZER_NONNULL = YES;
				CLANG_ANALYZER_NUMBER_OBJECT_CONVERSION = YES_AGGRESSIVE;
				CLANG_CXX_LANGUAGE_STANDARD = "gnu++14";
				CLANG_CXX_LIBRARY = "libc++";
				CLANG_ENABLE_MODULES = YES;
				CLANG_ENABLE_OBJC_ARC = YES;
				CLANG_ENABLE_OBJC_WEAK = YES;
				CLANG_WARN_BLOCK_CAPTURE_AUTORELEASING = YES;
				CLANG_WARN_BOOL_CONVERSION = YES;
				CLANG_WARN_COMMA = YES;
				CLANG_WARN_CONSTANT_CONVERSION = YES;
				CLANG_WARN_DEPRECATED_OBJC_IMPLEMENTATIONS = YES;
				CLANG_WARN_DIRECT_OBJC_ISA_USAGE = YES_ERROR;
				CLANG_WARN_DOCUMENTATION_COMMENTS = YES;
				CLANG_WARN_EMPTY_BODY = YES;
				CLANG_WARN_ENUM_CONVERSION = YES;
				CLANG_WARN_INFINITE_RECURSION = YES;
				CLANG_WARN_INT_CONVERSION = YES;
				CLANG_WARN_NON_LITERAL_NULL_CONVERSION = YES;
				CLANG_WARN_OBJC_IMPLICIT_RETAIN_SELF = YES;
				CLANG_WARN_OBJC_LITERAL_CONVERSION = YES;
				CLANG_WARN_OBJC_ROOT_CLASS = YES_ERROR;
				CLANG_WARN_QUOTED_INCLUDE_IN_FRAMEWORK_HEADER = YES;
				CLANG_WARN_RANGE_LOOP_ANALYSIS = YES;
				CLANG_WARN_STRICT_PROTOTYPES = YES;
				CLANG_WARN_SUSPICIOUS_MOVE = YES;
				CLANG_WARN_UNGUARDED_AVAILABILITY = YES_AGGRESSIVE;
				CLANG_WARN_UNREACHABLE_CODE = YES;
				CLANG_WARN__DUPLICATE_METHOD_MATCH = YES;
				COPY_PHASE_STRIP = NO;
				DEBUG_INFORMATION_FORMAT = dwarf;
				ENABLE_STRICT_OBJC_MSGSEND = YES;
				ENABLE_TESTABILITY = YES;
				GCC_C_LANGUAGE_STANDARD = gnu11;
				GCC_DYNAMIC_NO_PIC = NO;
				GCC_NO_COMMON_BLOCKS = YES;
				GCC_OPTIMIZATION_LEVEL = 0;
				GCC_PREPROCESSOR_DEFINITIONS = (
					"DEBUG=1",
					"$(inherited)",
				);
				GCC_WARN_64_TO_32_BIT_CONVERSION = YES;
				GCC_WARN_ABOUT_RETURN_TYPE = YES_ERROR;
				GCC_WARN_UNDECLARED_SELECTOR = YES;
				GCC_WARN_UNINITIALIZED_AUTOS = YES_AGGRESSIVE;
				GCC_WARN_UNUSED_FUNCTION = YES;
				GCC_WARN_UNUSED_VARIABLE = YES;
				IPHONEOS_DEPLOYMENT_TARGET = 14.4;
				MTL_ENABLE_DEBUG_INFO = INCLUDE_SOURCE;
				MTL_FAST_MATH = YES;
				ONLY_ACTIVE_ARCH = YES;
				SDKROOT = iphoneos;
				SWIFT_ACTIVE_COMPILATION_CONDITIONS = DEBUG;
				SWIFT_OPTIMIZATION_LEVEL = "-Onone";
			};
			name = Debug;
		};
		8C93303525DE2F81005EBE60 /* Release */ = {
			isa = XCBuildConfiguration;
			buildSettings = {
				ALWAYS_SEARCH_USER_PATHS = NO;
				CLANG_ANALYZER_NONNULL = YES;
				CLANG_ANALYZER_NUMBER_OBJECT_CONVERSION = YES_AGGRESSIVE;
				CLANG_CXX_LANGUAGE_STANDARD = "gnu++14";
				CLANG_CXX_LIBRARY = "libc++";
				CLANG_ENABLE_MODULES = YES;
				CLANG_ENABLE_OBJC_ARC = YES;
				CLANG_ENABLE_OBJC_WEAK = YES;
				CLANG_WARN_BLOCK_CAPTURE_AUTORELEASING = YES;
				CLANG_WARN_BOOL_CONVERSION = YES;
				CLANG_WARN_COMMA = YES;
				CLANG_WARN_CONSTANT_CONVERSION = YES;
				CLANG_WARN_DEPRECATED_OBJC_IMPLEMENTATIONS = YES;
				CLANG_WARN_DIRECT_OBJC_ISA_USAGE = YES_ERROR;
				CLANG_WARN_DOCUMENTATION_COMMENTS = YES;
				CLANG_WARN_EMPTY_BODY = YES;
				CLANG_WARN_ENUM_CONVERSION = YES;
				CLANG_WARN_INFINITE_RECURSION = YES;
				CLANG_WARN_INT_CONVERSION = YES;
				CLANG_WARN_NON_LITERAL_NULL_CONVERSION = YES;
				CLANG_WARN_OBJC_IMPLICIT_RETAIN_SELF = YES;
				CLANG_WARN_OBJC_LITERAL_CONVERSION = YES;
				CLANG_WARN_OBJC_ROOT_CLASS = YES_ERROR;
				CLANG_WARN_QUOTED_INCLUDE_IN_FRAMEWORK_HEADER = YES;
				CLANG_WARN_RANGE_LOOP_ANALYSIS = YES;
				CLANG_WARN_STRICT_PROTOTYPES = YES;
				CLANG_WARN_SUSPICIOUS_MOVE = YES;
				CLANG_WARN_UNGUARDED_AVAILABILITY = YES_AGGRESSIVE;
				CLANG_WARN_UNREACHABLE_CODE = YES;
				CLANG_WARN__DUPLICATE_METHOD_MATCH = YES;
				COPY_PHASE_STRIP = NO;
				DEBUG_INFORMATION_FORMAT = "dwarf-with-dsym";
				ENABLE_NS_ASSERTIONS = NO;
				ENABLE_STRICT_OBJC_MSGSEND = YES;
				GCC_C_LANGUAGE_STANDARD = gnu11;
				GCC_NO_COMMON_BLOCKS = YES;
				GCC_WARN_64_TO_32_BIT_CONVERSION = YES;
				GCC_WARN_ABOUT_RETURN_TYPE = YES_ERROR;
				GCC_WARN_UNDECLARED_SELECTOR = YES;
				GCC_WARN_UNINITIALIZED_AUTOS = YES_AGGRESSIVE;
				GCC_WARN_UNUSED_FUNCTION = YES;
				GCC_WARN_UNUSED_VARIABLE = YES;
				IPHONEOS_DEPLOYMENT_TARGET = 14.4;
				MTL_ENABLE_DEBUG_INFO = NO;
				MTL_FAST_MATH = YES;
				SDKROOT = iphoneos;
				SWIFT_COMPILATION_MODE = wholemodule;
				SWIFT_OPTIMIZATION_LEVEL = "-O";
				VALIDATE_PRODUCT = YES;
			};
			name = Release;
		};
		8C93303725DE2F81005EBE60 /* Debug */ = {
			isa = XCBuildConfiguration;
			buildSettings = {
				ASSETCATALOG_COMPILER_APPICON_NAME = AppIcon;
				ASSETCATALOG_COMPILER_GLOBAL_ACCENT_COLOR_NAME = AccentColor;
				CODE_SIGN_STYLE = Automatic;
				DEVELOPMENT_ASSET_PATHS = "\"StudyCoreData/Preview Content\"";
				DEVELOPMENT_TEAM = D55Z7N8Y4R;
				ENABLE_PREVIEWS = YES;
				INFOPLIST_FILE = StudyCoreData/Info.plist;
				LD_RUNPATH_SEARCH_PATHS = (
					"$(inherited)",
					"@executable_path/Frameworks",
				);
				PRODUCT_BUNDLE_IDENTIFIER = kr.co.jjonami.StudyCoreData;
				PRODUCT_NAME = "$(TARGET_NAME)";
				SWIFT_VERSION = 5.0;
				TARGETED_DEVICE_FAMILY = "1,2";
			};
			name = Debug;
		};
		8C93303825DE2F81005EBE60 /* Release */ = {
			isa = XCBuildConfiguration;
			buildSettings = {
				ASSETCATALOG_COMPILER_APPICON_NAME = AppIcon;
				ASSETCATALOG_COMPILER_GLOBAL_ACCENT_COLOR_NAME = AccentColor;
				CODE_SIGN_STYLE = Automatic;
				DEVELOPMENT_ASSET_PATHS = "\"StudyCoreData/Preview Content\"";
				DEVELOPMENT_TEAM = D55Z7N8Y4R;
				ENABLE_PREVIEWS = YES;
				INFOPLIST_FILE = StudyCoreData/Info.plist;
				LD_RUNPATH_SEARCH_PATHS = (
					"$(inherited)",
					"@executable_path/Frameworks",
				);
				PRODUCT_BUNDLE_IDENTIFIER = kr.co.jjonami.StudyCoreData;
				PRODUCT_NAME = "$(TARGET_NAME)";
				SWIFT_VERSION = 5.0;
				TARGETED_DEVICE_FAMILY = "1,2";
			};
			name = Release;
		};
/* End XCBuildConfiguration section */

/* Begin XCConfigurationList section */
		8C93301A25DE2F81005EBE60 /* Build configuration list for PBXProject "StudyCoreData" */ = {
			isa = XCConfigurationList;
			buildConfigurations = (
				8C93303425DE2F81005EBE60 /* Debug */,
				8C93303525DE2F81005EBE60 /* Release */,
			);
			defaultConfigurationIsVisible = 0;
			defaultConfigurationName = Release;
		};
		8C93303625DE2F81005EBE60 /* Build configuration list for PBXNativeTarget "StudyCoreData" */ = {
			isa = XCConfigurationList;
			buildConfigurations = (
				8C93303725DE2F81005EBE60 /* Debug */,
				8C93303825DE2F81005EBE60 /* Release */,
			);
			defaultConfigurationIsVisible = 0;
			defaultConfigurationName = Release;
		};
/* End XCConfigurationList section */

/* Begin XCVersionGroup section */
		8C93302825DE2F81005EBE60 /* StudyCoreData.xcdatamodeld */ = {
			isa = XCVersionGroup;
			children = (
				8C93302925DE2F81005EBE60 /* StudyCoreData.xcdatamodel */,
			);
			currentVersion = 8C93302925DE2F81005EBE60 /* StudyCoreData.xcdatamodel */;
			path = StudyCoreData.xcdatamodeld;
			sourceTree = "<group>";
			versionGroupType = wrapper.xcdatamodel;
		};
/* End XCVersionGroup section */
	};
	rootObject = 8C93301725DE2F81005EBE60 /* Project object */;
}
